
Microsoft Visual Studio Solution File, Format Version 12.00
# Visual Studio Version 17
VisualStudioVersion = 17.5.002.0
MinimumVisualStudioVersion = 10.0.40219.1
Project("{9A19103F-16F7-4668-BE54-9A1E7A4F7556}") = "Pulumi.Veco", "Pulumi.Veco.csproj", "{39E16FB0-707F-470A-8130-BC6E8E29D53C}"
EndProject
Global
	GlobalSection(SolutionConfigurationPlatforms) = preSolution
		Debug|Any CPU = Debug|Any CPU
		Release|Any CPU = Release|Any CPU
	EndGlobalSection
	GlobalSection(ProjectConfigurationPlatforms) = postSolution
		{39E16FB0-707F-470A-8130-BC6E8E29D53C}.Debug|Any CPU.ActiveCfg = Debug|Any CPU
		{39E16FB0-707F-470A-8130-BC6E8E29D53C}.Debug|Any CPU.Build.0 = Debug|Any CPU
		{39E16FB0-707F-470A-8130-BC6E8E29D53C}.Release|Any CPU.ActiveCfg = Release|Any CPU
		{39E16FB0-707F-470A-8130-BC6E8E29D53C}.Release|Any CPU.Build.0 = Release|Any CPU
	EndGlobalSection
	GlobalSection(SolutionProperties) = preSolution
		HideSolutionNode = FALSE
	EndGlobalSection
	GlobalSection(ExtensibilityGlobals) = postSolution
		SolutionGuid = {AA30026F-AC94-45BD-8CE7-BAC9224CEB58}
	EndGlobalSection
EndGlobal
